
Microsoft Visual Studio Solution File, Format Version 12.00
# Visual Studio Version 16
VisualStudioVersion = 16.0.29123.88
MinimumVisualStudioVersion = 10.0.40219.1
Project("{9A19103F-16F7-4668-BE54-9A1E7A4F7556}") = "GeoMathAPI", "GeoMathAPI\GeoMathAPI.csproj", "{8A75BC94-6CEC-4F80-94FC-A1DB1A881D05}"
EndProject
Project("{9A19103F-16F7-4668-BE54-9A1E7A4F7556}") = "FrontendShapes", "FrontendShapes\FrontendShapes.csproj", "{1223B089-B14E-4641-8588-21DD25D8B88D}"
EndProject
Project("{FAE04EC0-301F-11D3-BF4B-00C04F79EFBC}") = "GeometryUnitTests", "GeometryUnitTests\GeometryUnitTests.csproj", "{B7B0B4AC-F20B-4708-892C-0A66BC3C0E3D}"
EndProject
Global
	GlobalSection(SolutionConfigurationPlatforms) = preSolution
		Debug|Any CPU = Debug|Any CPU
		Release|Any CPU = Release|Any CPU
	EndGlobalSection
	GlobalSection(ProjectConfigurationPlatforms) = postSolution
		{8A75BC94-6CEC-4F80-94FC-A1DB1A881D05}.Debug|Any CPU.ActiveCfg = Debug|Any CPU
		{8A75BC94-6CEC-4F80-94FC-A1DB1A881D05}.Debug|Any CPU.Build.0 = Debug|Any CPU
		{8A75BC94-6CEC-4F80-94FC-A1DB1A881D05}.Release|Any CPU.ActiveCfg = Release|Any CPU
		{8A75BC94-6CEC-4F80-94FC-A1DB1A881D05}.Release|Any CPU.Build.0 = Release|Any CPU
		{1223B089-B14E-4641-8588-21DD25D8B88D}.Debug|Any CPU.ActiveCfg = Debug|Any CPU
		{1223B089-B14E-4641-8588-21DD25D8B88D}.Debug|Any CPU.Build.0 = Debug|Any CPU
		{1223B089-B14E-4641-8588-21DD25D8B88D}.Release|Any CPU.ActiveCfg = Release|Any CPU
		{1223B089-B14E-4641-8588-21DD25D8B88D}.Release|Any CPU.Build.0 = Release|Any CPU
		{B7B0B4AC-F20B-4708-892C-0A66BC3C0E3D}.Debug|Any CPU.ActiveCfg = Debug|Any CPU
		{B7B0B4AC-F20B-4708-892C-0A66BC3C0E3D}.Debug|Any CPU.Build.0 = Debug|Any CPU
		{B7B0B4AC-F20B-4708-892C-0A66BC3C0E3D}.Release|Any CPU.ActiveCfg = Release|Any CPU
		{B7B0B4AC-F20B-4708-892C-0A66BC3C0E3D}.Release|Any CPU.Build.0 = Release|Any CPU
	EndGlobalSection
	GlobalSection(SolutionProperties) = preSolution
		HideSolutionNode = FALSE
	EndGlobalSection
	GlobalSection(ExtensibilityGlobals) = postSolution
		SolutionGuid = {F140C07C-1AB3-487F-AA52-5D949CBD446A}
	EndGlobalSection
EndGlobal
